
Microsoft Visual Studio Solution File, Format Version 12.00
# Visual Studio 15
VisualStudioVersion = 15.0.26906.1
MinimumVisualStudioVersion = 10.0.40219.1
Project("{FAE04EC0-301F-11D3-BF4B-00C04F79EFBC}") = "AutomatedCodeTesting", "AutomatedCodeTesting\AutomatedCodeTesting.csproj", "{8A10D424-3C69-4B1A-994A-5B4357EE231B}"
EndProject
Project("{FAE04EC0-301F-11D3-BF4B-00C04F79EFBC}") = "TestAutomatedCodeTesting", "TestAutomatedCodeTesting\TestAutomatedCodeTesting.csproj", "{B49C00A1-6188-45A3-B825-0DF082821610}"
EndProject
Global
	GlobalSection(SolutionConfigurationPlatforms) = preSolution
		Debug|Any CPU = Debug|Any CPU
		Release|Any CPU = Release|Any CPU
	EndGlobalSection
	GlobalSection(ProjectConfigurationPlatforms) = postSolution
		{8A10D424-3C69-4B1A-994A-5B4357EE231B}.Debug|Any CPU.ActiveCfg = Debug|Any CPU
		{8A10D424-3C69-4B1A-994A-5B4357EE231B}.Debug|Any CPU.Build.0 = Debug|Any CPU
		{8A10D424-3C69-4B1A-994A-5B4357EE231B}.Release|Any CPU.ActiveCfg = Release|Any CPU
		{8A10D424-3C69-4B1A-994A-5B4357EE231B}.Release|Any CPU.Build.0 = Release|Any CPU
		{B49C00A1-6188-45A3-B825-0DF082821610}.Debug|Any CPU.ActiveCfg = Debug|Any CPU
		{B49C00A1-6188-45A3-B825-0DF082821610}.Debug|Any CPU.Build.0 = Debug|Any CPU
		{B49C00A1-6188-45A3-B825-0DF082821610}.Release|Any CPU.ActiveCfg = Release|Any CPU
		{B49C00A1-6188-45A3-B825-0DF082821610}.Release|Any CPU.Build.0 = Release|Any CPU
	EndGlobalSection
	GlobalSection(SolutionProperties) = preSolution
		HideSolutionNode = FALSE
	EndGlobalSection
	GlobalSection(ExtensibilityGlobals) = postSolution
		SolutionGuid = {D025A896-B53C-45E9-9198-DFDDB1942EB3}
	EndGlobalSection
EndGlobal
